
Microsoft Visual Studio Solution File, Format Version 12.00
# Visual Studio Version 17
VisualStudioVersion = 17.9.34728.123
MinimumVisualStudioVersion = 10.0.40219.1
Project("{FAE04EC0-301F-11D3-BF4B-00C04F79EFBC}") = "Sistemawebcf", "Sistemawebcf\Sistemawebcf.csproj", "{B88297F0-840E-4BF3-8A7A-7FAAE4106EE6}"
EndProject
Global
	GlobalSection(SolutionConfigurationPlatforms) = preSolution
		Debug|Any CPU = Debug|Any CPU
		Release|Any CPU = Release|Any CPU
	EndGlobalSection
	GlobalSection(ProjectConfigurationPlatforms) = postSolution
		{B88297F0-840E-4BF3-8A7A-7FAAE4106EE6}.Debug|Any CPU.ActiveCfg = Debug|Any CPU
		{B88297F0-840E-4BF3-8A7A-7FAAE4106EE6}.Debug|Any CPU.Build.0 = Debug|Any CPU
		{B88297F0-840E-4BF3-8A7A-7FAAE4106EE6}.Release|Any CPU.ActiveCfg = Release|Any CPU
		{B88297F0-840E-4BF3-8A7A-7FAAE4106EE6}.Release|Any CPU.Build.0 = Release|Any CPU
	EndGlobalSection
	GlobalSection(SolutionProperties) = preSolution
		HideSolutionNode = FALSE
	EndGlobalSection
	GlobalSection(ExtensibilityGlobals) = postSolution
		SolutionGuid = {C2CD4C91-97CB-4DD2-AFDA-70EC50839780}
	EndGlobalSection
EndGlobal
